
Microsoft Visual Studio Solution File, Format Version 12.00
# Visual Studio Version 17
VisualStudioVersion = 17.11.35327.3
MinimumVisualStudioVersion = 10.0.40219.1
Project("{FAE04EC0-301F-11D3-BF4B-00C04F79EFBC}") = "Assignment1", "Assignment1\Assignment1.csproj", "{D3B64D13-D029-4EEE-A3B3-3F12C53BCEDE}"
EndProject
Global
	GlobalSection(SolutionConfigurationPlatforms) = preSolution
		Debug|Any CPU = Debug|Any CPU
		Release|Any CPU = Release|Any CPU
	EndGlobalSection
	GlobalSection(ProjectConfigurationPlatforms) = postSolution
		{D3B64D13-D029-4EEE-A3B3-3F12C53BCEDE}.Debug|Any CPU.ActiveCfg = Debug|Any CPU
		{D3B64D13-D029-4EEE-A3B3-3F12C53BCEDE}.Debug|Any CPU.Build.0 = Debug|Any CPU
		{D3B64D13-D029-4EEE-A3B3-3F12C53BCEDE}.Release|Any CPU.ActiveCfg = Release|Any CPU
		{D3B64D13-D029-4EEE-A3B3-3F12C53BCEDE}.Release|Any CPU.Build.0 = Release|Any CPU
	EndGlobalSection
	GlobalSection(SolutionProperties) = preSolution
		HideSolutionNode = FALSE
	EndGlobalSection
	GlobalSection(ExtensibilityGlobals) = postSolution
		SolutionGuid = {0D9940F0-0573-4002-9C95-40F59CC4E076}
	EndGlobalSection
EndGlobal
